
Microsoft Visual Studio Solution File, Format Version 12.00
# Visual Studio Version 17
VisualStudioVersion = 17.4.33213.308
MinimumVisualStudioVersion = 10.0.40219.1
Project("{9A19103F-16F7-4668-BE54-9A1E7A4F7556}") = "FunctionsBuildTest", "FunctionsBuildTest.csproj", "{36B85EF3-084D-4358-A291-FC082B45A5C7}"
EndProject
Global
	GlobalSection(SolutionConfigurationPlatforms) = preSolution
		Debug|Any CPU = Debug|Any CPU
		Release|Any CPU = Release|Any CPU
	EndGlobalSection
	GlobalSection(ProjectConfigurationPlatforms) = postSolution
		{36B85EF3-084D-4358-A291-FC082B45A5C7}.Debug|Any CPU.ActiveCfg = Debug|Any CPU
		{36B85EF3-084D-4358-A291-FC082B45A5C7}.Debug|Any CPU.Build.0 = Debug|Any CPU
		{36B85EF3-084D-4358-A291-FC082B45A5C7}.Release|Any CPU.ActiveCfg = Release|Any CPU
		{36B85EF3-084D-4358-A291-FC082B45A5C7}.Release|Any CPU.Build.0 = Release|Any CPU
	EndGlobalSection
	GlobalSection(SolutionProperties) = preSolution
		HideSolutionNode = FALSE
	EndGlobalSection
	GlobalSection(ExtensibilityGlobals) = postSolution
		SolutionGuid = {36E9265A-DDA9-47E6-B249-7172FACC9265}
	EndGlobalSection
EndGlobal
